{
  "version": "5",
  "remote": {
    "https://deno.land/std@0.224.0/async/delay.ts": "f90dd685b97c2f142b8069082993e437b1602b8e2561134827eeb7c12b95c499",
    "https://deno.land/std@0.224.0/http/server.ts": "f9313804bf6467a1704f45f76cb6cd0a3396a3b31c316035e6a4c2035d1ea514",
    "https://esm.sh/@google/genai@1.18.0": "eed24611425cd2eac7cc8b698ad2561ecfe8170b9f2f13aa36f35d52a2ab6f91",
    "https://esm.sh/@google/genai@1.18.0/denonext/genai.mjs": "219bfcf3df51da582203843d2d51d2ef666cc522dc71d61baedcb99b99935f79",
    "https://esm.sh/@google/genai@1.41.0": "65b22b02c4577636cd5a74e36057eef2888a2c272dcb7d68b8ce36bd71f5bd7e",
    "https://esm.sh/@supabase/supabase-js@2.49.1": "947c71e163ca8bb5b538eccb5ee86fbc8da6bcb916a861586db5fad1af4701bb",
    "https://esm.sh/undici-types@7.10.0/handlers": "fabf6997a3adf11e45d11e3c4d58d0634ab98f9d72f3116f3694123818ccd457",
    "https://esm.sh/undici-types@7.10.0/retry-handler": "fabf6997a3adf11e45d11e3c4d58d0634ab98f9d72f3116f3694123818ccd457",
    "https://esm.sh/undici-types@7.16.0/handlers": "fabf6997a3adf11e45d11e3c4d58d0634ab98f9d72f3116f3694123818ccd457",
    "https://esm.sh/undici-types@7.16.0/retry-handler": "fabf6997a3adf11e45d11e3c4d58d0634ab98f9d72f3116f3694123818ccd457"
  },
  "workspace": {
    "packageJson": {
      "dependencies": [
        "npm:@babel/core@^7.25.2",
        "npm:@expo-google-fonts/inter@~0.4.2",
        "npm:@expo-google-fonts/playfair-display@~0.4.2",
        "npm:@expo/cli@^54.0.10",
        "npm:@expo/ngrok@^4.1.3",
        "npm:@expo/vector-icons@^15.0.2",
        "npm:@radix-ui/react-dialog@^1.1.15",
        "npm:@react-native-async-storage/async-storage@^2.2.0",
        "npm:@react-native-community/datetimepicker@8.4.4",
        "npm:@react-navigation/bottom-tabs@^7.3.10",
        "npm:@react-navigation/elements@^2.3.8",
        "npm:@react-navigation/native@^7.1.6",
        "npm:@sentry/react-native@^6.22.0",
        "npm:@supabase/supabase-js@^2.94.0",
        "npm:@types/react@~19.1.10",
        "npm:eslint-config-expo@10.0",
        "npm:eslint@^9.25.0",
        "npm:expo-asset@~12.0.12",
        "npm:expo-audio@~1.1.1",
        "npm:expo-auth-session@~7.0.10",
        "npm:expo-blur@~15.0.7",
        "npm:expo-clipboard@~8.0.8",
        "npm:expo-constants@~18.0.9",
        "npm:expo-crypto@~15.0.8",
        "npm:expo-dev-client@~6.0.20",
        "npm:expo-file-system@~19.0.21",
        "npm:expo-font@~14.0.8",
        "npm:expo-haptics@~15.0.7",
        "npm:expo-image-picker@~17.0.10",
        "npm:expo-image@~3.0.10",
        "npm:expo-linear-gradient@~15.0.8",
        "npm:expo-linking@~8.0.8",
        "npm:expo-notifications@~0.32.16",
        "npm:expo-router@~6.0.23",
        "npm:expo-secure-store@~15.0.8",
        "npm:expo-splash-screen@~31.0.10",
        "npm:expo-status-bar@~3.0.8",
        "npm:expo-symbols@~1.0.7",
        "npm:expo-system-ui@~6.0.8",
        "npm:expo-web-browser@~15.0.8",
        "npm:expo@~54.0.33",
        "npm:react-dom@19.1.0",
        "npm:react-native-android-widget@~0.20.1",
        "npm:react-native-gesture-handler@2.28",
        "npm:react-native-purchases-ui@^9.7.6",
        "npm:react-native-purchases@^9.7.6",
        "npm:react-native-reanimated@~4.1.1",
        "npm:react-native-safe-area-context@5.6",
        "npm:react-native-screens@4.16",
        "npm:react-native-svg@15.12.1",
        "npm:react-native-url-polyfill@3",
        "npm:react-native-web@0.21",
        "npm:react-native-webview@13.15.0",
        "npm:react-native-worklets@0.5.1",
        "npm:react-native@0.81.5",
        "npm:react@19.1.0",
        "npm:typescript@~5.9.2"
      ]
    }
  }
}
